
Microsoft Visual Studio Solution File, Format Version 12.00
# Visual Studio Version 17
VisualStudioVersion = 17.5.33516.290
MinimumVisualStudioVersion = 10.0.40219.1
Project("{FAE04EC0-301F-11D3-BF4B-00C04F79EFBC}") = "WebsiteBanhang", "WebsiteBanhang\WebsiteBanhang.csproj", "{4DF4585C-F286-48E3-8A63-A428E75667FC}"
EndProject
Global
	GlobalSection(SolutionConfigurationPlatforms) = preSolution
		Debug|Any CPU = Debug|Any CPU
		Release|Any CPU = Release|Any CPU
	EndGlobalSection
	GlobalSection(ProjectConfigurationPlatforms) = postSolution
		{4DF4585C-F286-48E3-8A63-A428E75667FC}.Debug|Any CPU.ActiveCfg = Debug|Any CPU
		{4DF4585C-F286-48E3-8A63-A428E75667FC}.Debug|Any CPU.Build.0 = Debug|Any CPU
		{4DF4585C-F286-48E3-8A63-A428E75667FC}.Release|Any CPU.ActiveCfg = Release|Any CPU
		{4DF4585C-F286-48E3-8A63-A428E75667FC}.Release|Any CPU.Build.0 = Release|Any CPU
	EndGlobalSection
	GlobalSection(SolutionProperties) = preSolution
		HideSolutionNode = FALSE
	EndGlobalSection
	GlobalSection(ExtensibilityGlobals) = postSolution
		SolutionGuid = {A0704563-C481-47F9-BFAC-38D08339D986}
	EndGlobalSection
EndGlobal
